PODS:
  - Kingfisher (5.11.0):
    - Kingfisher/Core (= 5.11.0)
  - Kingfisher/Core (5.11.0)

DEPENDENCIES:
  - Kingfisher (~> 5.0)

SPEC REPOS:
  trunk:
    - Kingfisher

SPEC CHECKSUMS:
  Kingfisher: 4569606189149e19c7d9439f47e885d0679b7a90

PODFILE CHECKSUM: eaf97e91d66086ecb89261ae917e9bb42ebc6942

COCOAPODS: 1.8.4
